
Microsoft Visual Studio Solution File, Format Version 12.00
# Visual Studio Version 16
VisualStudioVersion = 16.0.29613.14
MinimumVisualStudioVersion = 10.0.40219.1
Project("{FAE04EC0-301F-11D3-BF4B-00C04F79EFBC}") = "NotificacionPostgreSQL", "NotificacionPostgreSQL\NotificacionPostgreSQL.csproj", "{8CC8EE70-59AF-4C79-8564-8AD9BDEA0323}"
EndProject
Global
	GlobalSection(SolutionConfigurationPlatforms) = preSolution
		Debug|Any CPU = Debug|Any CPU
		Release|Any CPU = Release|Any CPU
	EndGlobalSection
	GlobalSection(ProjectConfigurationPlatforms) = postSolution
		{8CC8EE70-59AF-4C79-8564-8AD9BDEA0323}.Debug|Any CPU.ActiveCfg = Debug|Any CPU
		{8CC8EE70-59AF-4C79-8564-8AD9BDEA0323}.Debug|Any CPU.Build.0 = Debug|Any CPU
		{8CC8EE70-59AF-4C79-8564-8AD9BDEA0323}.Release|Any CPU.ActiveCfg = Release|Any CPU
		{8CC8EE70-59AF-4C79-8564-8AD9BDEA0323}.Release|Any CPU.Build.0 = Release|Any CPU
	EndGlobalSection
	GlobalSection(SolutionProperties) = preSolution
		HideSolutionNode = FALSE
	EndGlobalSection
	GlobalSection(ExtensibilityGlobals) = postSolution
		SolutionGuid = {ECB8C89E-22B3-45EC-B484-33CDB335DE6E}
	EndGlobalSection
EndGlobal
